
Microsoft Visual Studio Solution File, Format Version 12.00
# Visual Studio Version 17
VisualStudioVersion = 17.5.33424.131
MinimumVisualStudioVersion = 10.0.40219.1
Project("{FAE04EC0-301F-11D3-BF4B-00C04F79EFBC}") = "EstudandoProva", "EstudandoProva\EstudandoProva.csproj", "{731E3729-8067-48F9-BA79-777F59086D7B}"
EndProject
Global
	GlobalSection(SolutionConfigurationPlatforms) = preSolution
		Debug|Any CPU = Debug|Any CPU
		Release|Any CPU = Release|Any CPU
	EndGlobalSection
	GlobalSection(ProjectConfigurationPlatforms) = postSolution
		{731E3729-8067-48F9-BA79-777F59086D7B}.Debug|Any CPU.ActiveCfg = Debug|Any CPU
		{731E3729-8067-48F9-BA79-777F59086D7B}.Debug|Any CPU.Build.0 = Debug|Any CPU
		{731E3729-8067-48F9-BA79-777F59086D7B}.Release|Any CPU.ActiveCfg = Release|Any CPU
		{731E3729-8067-48F9-BA79-777F59086D7B}.Release|Any CPU.Build.0 = Release|Any CPU
	EndGlobalSection
	GlobalSection(SolutionProperties) = preSolution
		HideSolutionNode = FALSE
	EndGlobalSection
	GlobalSection(ExtensibilityGlobals) = postSolution
		SolutionGuid = {325ACBB2-656B-46FB-873A-22ADD3D05AAD}
	EndGlobalSection
EndGlobal
